
Microsoft Visual Studio Solution File, Format Version 12.00
# Visual Studio Version 17
VisualStudioVersion = 17.0.31710.8
MinimumVisualStudioVersion = 10.0.40219.1
Project("{9A19103F-16F7-4668-BE54-9A1E7A4F7556}") = "ZpaPlugin", "ZpaPlugin\ZpaPlugin.csproj", "{CCC3241D-73EF-4216-9FC2-0A41975E66F8}"
EndProject
Project("{9A19103F-16F7-4668-BE54-9A1E7A4F7556}") = "ZpaPluginTester", "ZpaPluginTester\ZpaPluginTester.csproj", "{91E5B502-1186-4AA8-83AF-89527E459D31}"
EndProject
Project("{FAE04EC0-301F-11D3-BF4B-00C04F79EFBC}") = "ZpaPlugin.Gui", "ZpaPlugin.Gui\ZpaPlugin.Gui.csproj", "{108E8D2B-0DBB-4805-BFF7-5B02DA208566}"
EndProject
Global
	GlobalSection(SolutionConfigurationPlatforms) = preSolution
		Debug|Any CPU = Debug|Any CPU
		Release|Any CPU = Release|Any CPU
	EndGlobalSection
	GlobalSection(ProjectConfigurationPlatforms) = postSolution
		{CCC3241D-73EF-4216-9FC2-0A41975E66F8}.Debug|Any CPU.ActiveCfg = Debug|Any CPU
		{CCC3241D-73EF-4216-9FC2-0A41975E66F8}.Debug|Any CPU.Build.0 = Debug|Any CPU
		{CCC3241D-73EF-4216-9FC2-0A41975E66F8}.Release|Any CPU.ActiveCfg = Release|Any CPU
		{CCC3241D-73EF-4216-9FC2-0A41975E66F8}.Release|Any CPU.Build.0 = Release|Any CPU
		{91E5B502-1186-4AA8-83AF-89527E459D31}.Debug|Any CPU.ActiveCfg = Debug|Any CPU
		{91E5B502-1186-4AA8-83AF-89527E459D31}.Debug|Any CPU.Build.0 = Debug|Any CPU
		{91E5B502-1186-4AA8-83AF-89527E459D31}.Release|Any CPU.ActiveCfg = Release|Any CPU
		{91E5B502-1186-4AA8-83AF-89527E459D31}.Release|Any CPU.Build.0 = Release|Any CPU
		{108E8D2B-0DBB-4805-BFF7-5B02DA208566}.Debug|Any CPU.ActiveCfg = Debug|Any CPU
		{108E8D2B-0DBB-4805-BFF7-5B02DA208566}.Debug|Any CPU.Build.0 = Debug|Any CPU
		{108E8D2B-0DBB-4805-BFF7-5B02DA208566}.Release|Any CPU.ActiveCfg = Release|Any CPU
		{108E8D2B-0DBB-4805-BFF7-5B02DA208566}.Release|Any CPU.Build.0 = Release|Any CPU
	EndGlobalSection
	GlobalSection(SolutionProperties) = preSolution
		HideSolutionNode = FALSE
	EndGlobalSection
	GlobalSection(ExtensibilityGlobals) = postSolution
		SolutionGuid = {F5D538FE-B3AF-4E6D-BCCF-7863E41BCD39}
	EndGlobalSection
EndGlobal
